
Microsoft Visual Studio Solution File, Format Version 11.00
# Visual C++ Express 2010
Project("{8BC9CEB8-8B4A-11D0-8D11-00A0C91BC942}") = "Editor", "..\..\Editor\Editor.vcxproj", "{95CD756B-3906-472A-9E0B-E34CF89A6172}"
EndProject
Global
	GlobalSection(SolutionConfigurationPlatforms) = preSolution
		Debug|Win32 = Debug|Win32
		Release|Win32 = Release|Win32
	EndGlobalSection
	GlobalSection(ProjectConfigurationPlatforms) = postSolution
		{95CD756B-3906-472A-9E0B-E34CF89A6172}.Debug|Win32.ActiveCfg = Debug|Win32
		{95CD756B-3906-472A-9E0B-E34CF89A6172}.Debug|Win32.Build.0 = Debug|Win32
		{95CD756B-3906-472A-9E0B-E34CF89A6172}.Release|Win32.ActiveCfg = Release|Win32
		{95CD756B-3906-472A-9E0B-E34CF89A6172}.Release|Win32.Build.0 = Release|Win32
	EndGlobalSection
	GlobalSection(SolutionProperties) = preSolution
		HideSolutionNode = FALSE
	EndGlobalSection
EndGlobal
