
Microsoft Visual Studio Solution File, Format Version 12.00
# Visual Studio Express 2013 for Windows Desktop
VisualStudioVersion = 12.0.21005.1
MinimumVisualStudioVersion = 10.0.40219.1
Project("{8BC9CEB8-8B4A-11D0-8D11-00A0C91BC942}") = "Game", "..\..\Game\Game.vcxproj", "{BB115693-71DA-4B3A-8F85-30B34ADE2DF8}"
EndProject
Project("{8BC9CEB8-8B4A-11D0-8D11-00A0C91BC942}") = "Engine", "..\..\Engine\Engine.vcxproj", "{D42B91AA-006F-4929-B508-8B60FFB4C85C}"
EndProject
Project("{8BC9CEB8-8B4A-11D0-8D11-00A0C91BC942}") = "Editor", "..\..\Editor\Editor.vcxproj", "{95CD756B-3906-472A-9E0B-E34CF89A6172}"
EndProject
Project("{8BC9CEB8-8B4A-11D0-8D11-00A0C91BC942}") = "Pak", "..\..\Pak\Pak.vcxproj", "{E5A2C209-A680-4239-8F92-4DFF4DA57173}"
EndProject
Global
	GlobalSection(SolutionConfigurationPlatforms) = preSolution
		Debug|Win32 = Debug|Win32
		Release|Win32 = Release|Win32
	EndGlobalSection
	GlobalSection(ProjectConfigurationPlatforms) = postSolution
		{BB115693-71DA-4B3A-8F85-30B34ADE2DF8}.Debug|Win32.ActiveCfg = Debug|Win32
		{BB115693-71DA-4B3A-8F85-30B34ADE2DF8}.Debug|Win32.Build.0 = Debug|Win32
		{BB115693-71DA-4B3A-8F85-30B34ADE2DF8}.Release|Win32.ActiveCfg = Release|Win32
		{BB115693-71DA-4B3A-8F85-30B34ADE2DF8}.Release|Win32.Build.0 = Release|Win32
		{D42B91AA-006F-4929-B508-8B60FFB4C85C}.Debug|Win32.ActiveCfg = Debug|Win32
		{D42B91AA-006F-4929-B508-8B60FFB4C85C}.Debug|Win32.Build.0 = Debug|Win32
		{D42B91AA-006F-4929-B508-8B60FFB4C85C}.Release|Win32.ActiveCfg = Release|Win32
		{D42B91AA-006F-4929-B508-8B60FFB4C85C}.Release|Win32.Build.0 = Release|Win32
		{95CD756B-3906-472A-9E0B-E34CF89A6172}.Debug|Win32.ActiveCfg = Debug|Win32
		{95CD756B-3906-472A-9E0B-E34CF89A6172}.Debug|Win32.Build.0 = Debug|Win32
		{95CD756B-3906-472A-9E0B-E34CF89A6172}.Release|Win32.ActiveCfg = Release|Win32
		{95CD756B-3906-472A-9E0B-E34CF89A6172}.Release|Win32.Build.0 = Release|Win32
		{E5A2C209-A680-4239-8F92-4DFF4DA57173}.Debug|Win32.ActiveCfg = Debug|Win32
		{E5A2C209-A680-4239-8F92-4DFF4DA57173}.Debug|Win32.Build.0 = Debug|Win32
		{E5A2C209-A680-4239-8F92-4DFF4DA57173}.Release|Win32.ActiveCfg = Release|Win32
		{E5A2C209-A680-4239-8F92-4DFF4DA57173}.Release|Win32.Build.0 = Release|Win32
	EndGlobalSection
	GlobalSection(SolutionProperties) = preSolution
		HideSolutionNode = FALSE
	EndGlobalSection
EndGlobal
